
Microsoft Visual Studio Solution File, Format Version 12.00
# Visual Studio 15
VisualStudioVersion = 15.0.27130.2036
MinimumVisualStudioVersion = 10.0.40219.1
Project("{2150E333-8FDC-42A3-9474-1A3956D46DE8}") = "Library", "Library", "{26BC9C2A-E3BF-49CE-ABD8-6AF4743FC295}"
EndProject
Project("{9A19103F-16F7-4668-BE54-9A1E7A4F7556}") = "MSTK.Gateway.JSClient", "MSTK.Gateway.JSClient\MSTK.Gateway.JSClient.csproj", "{2255482E-8E4F-4CCD-AAE2-2AA7B69D06C3}"
EndProject
Project("{9A19103F-16F7-4668-BE54-9A1E7A4F7556}") = "MSTK.SampleServices1", "MSTK.SampleServices1\MSTK.SampleServices1.csproj", "{40220EF7-C53E-49DD-96F9-F5EBCC9B0CBC}"
EndProject
Project("{9A19103F-16F7-4668-BE54-9A1E7A4F7556}") = "MSTK.SampleServices2", "MSTK.SampleServices2\MSTK.SampleServices2.csproj", "{6D0EE712-A852-4EA6-98AB-3E5F3E27DBC7}"
EndProject
Project("{2150E333-8FDC-42A3-9474-1A3956D46DE8}") = "Services", "Services", "{A0D07AFB-D5F2-498E-95EC-9984903A1B18}"
EndProject
Project("{9A19103F-16F7-4668-BE54-9A1E7A4F7556}") = "MSTK.Hosting.ConsoleHost1", "MSTK.Hosting.ConsoleHost1\MSTK.Hosting.ConsoleHost1.csproj", "{CCA4FC31-A498-4FA2-8269-3B19A0A9392E}"
EndProject
Project("{9A19103F-16F7-4668-BE54-9A1E7A4F7556}") = "MSTK.Hosting.ConsoleHost2", "MSTK.Hosting.ConsoleHost2\MSTK.Hosting.ConsoleHost2.csproj", "{A15E0902-DBF0-42E2-9FE8-87203B15B050}"
EndProject
Project("{9A19103F-16F7-4668-BE54-9A1E7A4F7556}") = "MSTK.Discovery.ConsoleHost", "MSTK.Discovery.ConsoleHost\MSTK.Discovery.ConsoleHost.csproj", "{4E3CFA99-4D99-4C14-ADFA-D3FC61C89598}"
EndProject
Project("{9A19103F-16F7-4668-BE54-9A1E7A4F7556}") = "MSTK.TestClient", "MSTK.TestClient\MSTK.TestClient.csproj", "{B949CFB6-43B4-41CF-9556-DC82C06BBF6B}"
EndProject
Project("{9A19103F-16F7-4668-BE54-9A1E7A4F7556}") = "MSTK.Core", "MSTK.Core\MSTK.Core.csproj", "{65B97A87-682E-4ADB-ABBF-16D3A82AB6E8}"
EndProject
Project("{9A19103F-16F7-4668-BE54-9A1E7A4F7556}") = "MSTK.Hosting", "MSTK.Hosting\MSTK.Hosting.csproj", "{455AE221-CB89-4798-B84E-39AC2AD7D3A1}"
EndProject
Project("{9A19103F-16F7-4668-BE54-9A1E7A4F7556}") = "MSTK.Discovery", "MSTK.Discovery\MSTK.Discovery.csproj", "{18833E39-3073-4ED9-B30E-404F221D1568}"
EndProject
Project("{9A19103F-16F7-4668-BE54-9A1E7A4F7556}") = "MSTK.Gateway", "MSTK.Gateway\MSTK.Gateway.csproj", "{94FC5F65-C3FB-4FF6-8B53-DC6651AC1675}"
EndProject
Project("{2150E333-8FDC-42A3-9474-1A3956D46DE8}") = "Executables", "Executables", "{3A4B5C3E-9EBF-48EA-98F3-25C942DE7FE2}"
EndProject
Project("{9A19103F-16F7-4668-BE54-9A1E7A4F7556}") = "NugetTester", "NugetTester\NugetTester.csproj", "{BEC83FC3-FEB7-4144-8C8A-49DCAFB32FED}"
EndProject
Project("{9A19103F-16F7-4668-BE54-9A1E7A4F7556}") = "MSTK.Eventing", "MSTK.Eventing\MSTK.Eventing.csproj", "{A546D817-83C2-48E8-8F85-A61DA1905F3E}"
EndProject
Project("{9A19103F-16F7-4668-BE54-9A1E7A4F7556}") = "MSTK.Eventing.ConsoleHost", "MSTK.Eventing.ConsoleHost\MSTK.Eventing.ConsoleHost.csproj", "{17A61AB6-E887-49C1-B968-459FF51DB868}"
EndProject
Project("{9A19103F-16F7-4668-BE54-9A1E7A4F7556}") = "MSTK.SDK", "MSTK.SDK\MSTK.SDK.csproj", "{5ACBA7A5-7F13-4A83-9B36-59F1F86DF8C7}"
EndProject
Project("{FAE04EC0-301F-11D3-BF4B-00C04F79EFBC}") = "MSTK.Monitor.ConsoleHost", "MSTK.Monitor.ConsoleHost\MSTK.Monitor.ConsoleHost.csproj", "{622FDC4F-CDF0-412B-ABA5-96053BB3202D}"
EndProject
Project("{9A19103F-16F7-4668-BE54-9A1E7A4F7556}") = "MSTK.Monitor", "MSTK.Monitor\MSTK.Monitor.csproj", "{C10309E7-C72E-48E3-BAF9-A1C4817E2BD7}"
EndProject
Global
	GlobalSection(SolutionConfigurationPlatforms) = preSolution
		Debug|Any CPU = Debug|Any CPU
		Release|Any CPU = Release|Any CPU
	EndGlobalSection
	GlobalSection(ProjectConfigurationPlatforms) = postSolution
		{2255482E-8E4F-4CCD-AAE2-2AA7B69D06C3}.Debug|Any CPU.ActiveCfg = Debug|Any CPU
		{2255482E-8E4F-4CCD-AAE2-2AA7B69D06C3}.Debug|Any CPU.Build.0 = Debug|Any CPU
		{2255482E-8E4F-4CCD-AAE2-2AA7B69D06C3}.Release|Any CPU.ActiveCfg = Release|Any CPU
		{2255482E-8E4F-4CCD-AAE2-2AA7B69D06C3}.Release|Any CPU.Build.0 = Release|Any CPU
		{40220EF7-C53E-49DD-96F9-F5EBCC9B0CBC}.Debug|Any CPU.ActiveCfg = Debug|Any CPU
		{40220EF7-C53E-49DD-96F9-F5EBCC9B0CBC}.Debug|Any CPU.Build.0 = Debug|Any CPU
		{40220EF7-C53E-49DD-96F9-F5EBCC9B0CBC}.Release|Any CPU.ActiveCfg = Release|Any CPU
		{40220EF7-C53E-49DD-96F9-F5EBCC9B0CBC}.Release|Any CPU.Build.0 = Release|Any CPU
		{6D0EE712-A852-4EA6-98AB-3E5F3E27DBC7}.Debug|Any CPU.ActiveCfg = Debug|Any CPU
		{6D0EE712-A852-4EA6-98AB-3E5F3E27DBC7}.Debug|Any CPU.Build.0 = Debug|Any CPU
		{6D0EE712-A852-4EA6-98AB-3E5F3E27DBC7}.Release|Any CPU.ActiveCfg = Release|Any CPU
		{6D0EE712-A852-4EA6-98AB-3E5F3E27DBC7}.Release|Any CPU.Build.0 = Release|Any CPU
		{CCA4FC31-A498-4FA2-8269-3B19A0A9392E}.Debug|Any CPU.ActiveCfg = Debug|Any CPU
		{CCA4FC31-A498-4FA2-8269-3B19A0A9392E}.Debug|Any CPU.Build.0 = Debug|Any CPU
		{CCA4FC31-A498-4FA2-8269-3B19A0A9392E}.Release|Any CPU.ActiveCfg = Release|Any CPU
		{CCA4FC31-A498-4FA2-8269-3B19A0A9392E}.Release|Any CPU.Build.0 = Release|Any CPU
		{A15E0902-DBF0-42E2-9FE8-87203B15B050}.Debug|Any CPU.ActiveCfg = Debug|Any CPU
		{A15E0902-DBF0-42E2-9FE8-87203B15B050}.Debug|Any CPU.Build.0 = Debug|Any CPU
		{A15E0902-DBF0-42E2-9FE8-87203B15B050}.Release|Any CPU.ActiveCfg = Release|Any CPU
		{A15E0902-DBF0-42E2-9FE8-87203B15B050}.Release|Any CPU.Build.0 = Release|Any CPU
		{4E3CFA99-4D99-4C14-ADFA-D3FC61C89598}.Debug|Any CPU.ActiveCfg = Debug|Any CPU
		{4E3CFA99-4D99-4C14-ADFA-D3FC61C89598}.Debug|Any CPU.Build.0 = Debug|Any CPU
		{4E3CFA99-4D99-4C14-ADFA-D3FC61C89598}.Release|Any CPU.ActiveCfg = Release|Any CPU
		{4E3CFA99-4D99-4C14-ADFA-D3FC61C89598}.Release|Any CPU.Build.0 = Release|Any CPU
		{B949CFB6-43B4-41CF-9556-DC82C06BBF6B}.Debug|Any CPU.ActiveCfg = Debug|Any CPU
		{B949CFB6-43B4-41CF-9556-DC82C06BBF6B}.Debug|Any CPU.Build.0 = Debug|Any CPU
		{B949CFB6-43B4-41CF-9556-DC82C06BBF6B}.Release|Any CPU.ActiveCfg = Release|Any CPU
		{B949CFB6-43B4-41CF-9556-DC82C06BBF6B}.Release|Any CPU.Build.0 = Release|Any CPU
		{65B97A87-682E-4ADB-ABBF-16D3A82AB6E8}.Debug|Any CPU.ActiveCfg = Debug|Any CPU
		{65B97A87-682E-4ADB-ABBF-16D3A82AB6E8}.Debug|Any CPU.Build.0 = Debug|Any CPU
		{65B97A87-682E-4ADB-ABBF-16D3A82AB6E8}.Release|Any CPU.ActiveCfg = Release|Any CPU
		{65B97A87-682E-4ADB-ABBF-16D3A82AB6E8}.Release|Any CPU.Build.0 = Release|Any CPU
		{455AE221-CB89-4798-B84E-39AC2AD7D3A1}.Debug|Any CPU.ActiveCfg = Debug|Any CPU
		{455AE221-CB89-4798-B84E-39AC2AD7D3A1}.Debug|Any CPU.Build.0 = Debug|Any CPU
		{455AE221-CB89-4798-B84E-39AC2AD7D3A1}.Release|Any CPU.ActiveCfg = Release|Any CPU
		{455AE221-CB89-4798-B84E-39AC2AD7D3A1}.Release|Any CPU.Build.0 = Release|Any CPU
		{18833E39-3073-4ED9-B30E-404F221D1568}.Debug|Any CPU.ActiveCfg = Debug|Any CPU
		{18833E39-3073-4ED9-B30E-404F221D1568}.Debug|Any CPU.Build.0 = Debug|Any CPU
		{18833E39-3073-4ED9-B30E-404F221D1568}.Release|Any CPU.ActiveCfg = Release|Any CPU
		{18833E39-3073-4ED9-B30E-404F221D1568}.Release|Any CPU.Build.0 = Release|Any CPU
		{94FC5F65-C3FB-4FF6-8B53-DC6651AC1675}.Debug|Any CPU.ActiveCfg = Debug|Any CPU
		{94FC5F65-C3FB-4FF6-8B53-DC6651AC1675}.Debug|Any CPU.Build.0 = Debug|Any CPU
		{94FC5F65-C3FB-4FF6-8B53-DC6651AC1675}.Release|Any CPU.ActiveCfg = Release|Any CPU
		{94FC5F65-C3FB-4FF6-8B53-DC6651AC1675}.Release|Any CPU.Build.0 = Release|Any CPU
		{BEC83FC3-FEB7-4144-8C8A-49DCAFB32FED}.Debug|Any CPU.ActiveCfg = Debug|Any CPU
		{BEC83FC3-FEB7-4144-8C8A-49DCAFB32FED}.Debug|Any CPU.Build.0 = Debug|Any CPU
		{BEC83FC3-FEB7-4144-8C8A-49DCAFB32FED}.Release|Any CPU.ActiveCfg = Release|Any CPU
		{BEC83FC3-FEB7-4144-8C8A-49DCAFB32FED}.Release|Any CPU.Build.0 = Release|Any CPU
		{A546D817-83C2-48E8-8F85-A61DA1905F3E}.Debug|Any CPU.ActiveCfg = Debug|Any CPU
		{A546D817-83C2-48E8-8F85-A61DA1905F3E}.Debug|Any CPU.Build.0 = Debug|Any CPU
		{A546D817-83C2-48E8-8F85-A61DA1905F3E}.Release|Any CPU.ActiveCfg = Release|Any CPU
		{A546D817-83C2-48E8-8F85-A61DA1905F3E}.Release|Any CPU.Build.0 = Release|Any CPU
		{17A61AB6-E887-49C1-B968-459FF51DB868}.Debug|Any CPU.ActiveCfg = Debug|Any CPU
		{17A61AB6-E887-49C1-B968-459FF51DB868}.Debug|Any CPU.Build.0 = Debug|Any CPU
		{17A61AB6-E887-49C1-B968-459FF51DB868}.Release|Any CPU.ActiveCfg = Release|Any CPU
		{17A61AB6-E887-49C1-B968-459FF51DB868}.Release|Any CPU.Build.0 = Release|Any CPU
		{5ACBA7A5-7F13-4A83-9B36-59F1F86DF8C7}.Debug|Any CPU.ActiveCfg = Debug|Any CPU
		{5ACBA7A5-7F13-4A83-9B36-59F1F86DF8C7}.Debug|Any CPU.Build.0 = Debug|Any CPU
		{5ACBA7A5-7F13-4A83-9B36-59F1F86DF8C7}.Release|Any CPU.ActiveCfg = Release|Any CPU
		{5ACBA7A5-7F13-4A83-9B36-59F1F86DF8C7}.Release|Any CPU.Build.0 = Release|Any CPU
		{622FDC4F-CDF0-412B-ABA5-96053BB3202D}.Debug|Any CPU.ActiveCfg = Debug|Any CPU
		{622FDC4F-CDF0-412B-ABA5-96053BB3202D}.Debug|Any CPU.Build.0 = Debug|Any CPU
		{622FDC4F-CDF0-412B-ABA5-96053BB3202D}.Release|Any CPU.ActiveCfg = Release|Any CPU
		{622FDC4F-CDF0-412B-ABA5-96053BB3202D}.Release|Any CPU.Build.0 = Release|Any CPU
		{C10309E7-C72E-48E3-BAF9-A1C4817E2BD7}.Debug|Any CPU.ActiveCfg = Debug|Any CPU
		{C10309E7-C72E-48E3-BAF9-A1C4817E2BD7}.Debug|Any CPU.Build.0 = Debug|Any CPU
		{C10309E7-C72E-48E3-BAF9-A1C4817E2BD7}.Release|Any CPU.ActiveCfg = Release|Any CPU
		{C10309E7-C72E-48E3-BAF9-A1C4817E2BD7}.Release|Any CPU.Build.0 = Release|Any CPU
	EndGlobalSection
	GlobalSection(SolutionProperties) = preSolution
		HideSolutionNode = FALSE
	EndGlobalSection
	GlobalSection(NestedProjects) = preSolution
		{2255482E-8E4F-4CCD-AAE2-2AA7B69D06C3} = {26BC9C2A-E3BF-49CE-ABD8-6AF4743FC295}
		{40220EF7-C53E-49DD-96F9-F5EBCC9B0CBC} = {A0D07AFB-D5F2-498E-95EC-9984903A1B18}
		{6D0EE712-A852-4EA6-98AB-3E5F3E27DBC7} = {A0D07AFB-D5F2-498E-95EC-9984903A1B18}
		{CCA4FC31-A498-4FA2-8269-3B19A0A9392E} = {3A4B5C3E-9EBF-48EA-98F3-25C942DE7FE2}
		{A15E0902-DBF0-42E2-9FE8-87203B15B050} = {3A4B5C3E-9EBF-48EA-98F3-25C942DE7FE2}
		{4E3CFA99-4D99-4C14-ADFA-D3FC61C89598} = {3A4B5C3E-9EBF-48EA-98F3-25C942DE7FE2}
		{B949CFB6-43B4-41CF-9556-DC82C06BBF6B} = {3A4B5C3E-9EBF-48EA-98F3-25C942DE7FE2}
		{65B97A87-682E-4ADB-ABBF-16D3A82AB6E8} = {26BC9C2A-E3BF-49CE-ABD8-6AF4743FC295}
		{455AE221-CB89-4798-B84E-39AC2AD7D3A1} = {26BC9C2A-E3BF-49CE-ABD8-6AF4743FC295}
		{18833E39-3073-4ED9-B30E-404F221D1568} = {26BC9C2A-E3BF-49CE-ABD8-6AF4743FC295}
		{94FC5F65-C3FB-4FF6-8B53-DC6651AC1675} = {26BC9C2A-E3BF-49CE-ABD8-6AF4743FC295}
		{BEC83FC3-FEB7-4144-8C8A-49DCAFB32FED} = {3A4B5C3E-9EBF-48EA-98F3-25C942DE7FE2}
		{A546D817-83C2-48E8-8F85-A61DA1905F3E} = {26BC9C2A-E3BF-49CE-ABD8-6AF4743FC295}
		{17A61AB6-E887-49C1-B968-459FF51DB868} = {3A4B5C3E-9EBF-48EA-98F3-25C942DE7FE2}
		{5ACBA7A5-7F13-4A83-9B36-59F1F86DF8C7} = {26BC9C2A-E3BF-49CE-ABD8-6AF4743FC295}
		{622FDC4F-CDF0-412B-ABA5-96053BB3202D} = {3A4B5C3E-9EBF-48EA-98F3-25C942DE7FE2}
		{C10309E7-C72E-48E3-BAF9-A1C4817E2BD7} = {26BC9C2A-E3BF-49CE-ABD8-6AF4743FC295}
	EndGlobalSection
	GlobalSection(ExtensibilityGlobals) = postSolution
		SolutionGuid = {908A6116-43A1-47F8-8202-DD12FF43AFAD}
	EndGlobalSection
EndGlobal
